// !$*UTF8*$!
{
	archiveVersion = 1;
	classes = {
	};
	objectVersion = 54;
	objects = {

/* Begin PBXBuildFile section */
		478D07D2251AE48400C033F2 /* AppDelegate.swift in Sources */ = {isa = PBXBuildFile; fileRef = 478D07D1251AE48400C033F2 /* AppDelegate.swift */; };
		478D07D4251AE48400C033F2 /* GameScene.sks in Resources */ = {isa = PBXBuildFile; fileRef = 478D07D3251AE48400C033F2 /* GameScene.sks */; };
		478D07D6251AE48400C033F2 /* Actions.sks in Resources */ = {isa = PBXBuildFile; fileRef = 478D07D5251AE48400C033F2 /* Actions.sks */; };
		478D07D8251AE48400C033F2 /* GameScene.swift in Sources */ = {isa = PBXBuildFile; fileRef = 478D07D7251AE48400C033F2 /* GameScene.swift */; };
		478D07DA251AE48400C033F2 /* GameViewController.swift in Sources */ = {isa = PBXBuildFile; fileRef = 478D07D9251AE48400C033F2 /* GameViewController.swift */; };
		478D07DD251AE48400C033F2 /* Main.storyboard in Resources */ = {isa = PBXBuildFile; fileRef = 478D07DB251AE48400C033F2 /* Main.storyboard */; };
		478D07DF251AE48600C033F2 /* Casino.xcassets in Resources */ = {isa = PBXBuildFile; fileRef = 478D07DE251AE48600C033F2 /* Casino.xcassets */; };
		478D07E2251AE48600C033F2 /* LaunchScreen.storyboard in Resources */ = {isa = PBXBuildFile; fileRef = 478D07E0251AE48600C033F2 /* LaunchScreen.storyboard */; };
		478D07ED251AE48600C033F2 /* FAB_CasinoTests.swift in Sources */ = {isa = PBXBuildFile; fileRef = 478D07EC251AE48600C033F2 /* FAB_CasinoTests.swift */; };
		478D07F8251AE48600C033F2 /* FAB_CasinoUITests.swift in Sources */ = {isa = PBXBuildFile; fileRef = 478D07F7251AE48600C033F2 /* FAB_CasinoUITests.swift */; };
		47996089255131B3000ACEED /* Blackjack.xcassets in Resources */ = {isa = PBXBuildFile; fileRef = 47996088255131B3000ACEED /* Blackjack.xcassets */; };
		47CC5B48255C9B3D001CDB36 /* ViewController.swift in Sources */ = {isa = PBXBuildFile; fileRef = 47CC5B44255C9B3D001CDB36 /* ViewController.swift */; };
		47CC5B4A255C9B3D001CDB36 /* SlotMachine.storyboard in Resources */ = {isa = PBXBuildFile; fileRef = 47CC5B46255C9B3D001CDB36 /* SlotMachine.storyboard */; };
		47CC5B4B255C9B3D001CDB36 /* Utils.swift in Sources */ = {isa = PBXBuildFile; fileRef = 47CC5B47255C9B3D001CDB36 /* Utils.swift */; };
		47CC5B51255C9C29001CDB36 /* win.wav in Resources */ = {isa = PBXBuildFile; fileRef = 47CC5B4F255C9C29001CDB36 /* win.wav */; };
		47CC5B52255C9C29001CDB36 /* spin.wav in Resources */ = {isa = PBXBuildFile; fileRef = 47CC5B50255C9C29001CDB36 /* spin.wav */; };
		47CC5B6E255C9F5E001CDB36 /* SlotMachine.xcassets in Resources */ = {isa = PBXBuildFile; fileRef = 47CC5B6D255C9F5E001CDB36 /* SlotMachine.xcassets */; };
		47DBC05B255D0E3800B71302 /* Roulette.xcassets in Resources */ = {isa = PBXBuildFile; fileRef = 47DBC05A255D0E3800B71302 /* Roulette.xcassets */; };
		5BB65B1B255166D00017B4CC /* Roulette.storyboard in Resources */ = {isa = PBXBuildFile; fileRef = 5BB65B19255166CF0017B4CC /* Roulette.storyboard */; };
		5BB65B1C255166D00017B4CC /* RouletteViewController.swift in Sources */ = {isa = PBXBuildFile; fileRef = 5BB65B1A255166D00017B4CC /* RouletteViewController.swift */; };
		5BDBF11F25776700008B74F5 /* BlackJackTests.swift in Sources */ = {isa = PBXBuildFile; fileRef = 5BDBF11E25776700008B74F5 /* BlackJackTests.swift */; };
		5BDBF1212577671B008B74F5 /* RouletteTest.swift in Sources */ = {isa = PBXBuildFile; fileRef = 5BDBF1202577671B008B74F5 /* RouletteTest.swift */; };
		5BDBF12325776775008B74F5 /* SlotMachineTests.swift in Sources */ = {isa = PBXBuildFile; fileRef = 5BDBF12225776775008B74F5 /* SlotMachineTests.swift */; };
		5BDBF12525777637008B74F5 /* RoulleteViewModel.swift in Sources */ = {isa = PBXBuildFile; fileRef = 5BDBF12425777637008B74F5 /* RoulleteViewModel.swift */; };
		5BDBF127257781D1008B74F5 /* SlotMachineViewModel.swift in Sources */ = {isa = PBXBuildFile; fileRef = 5BDBF126257781D1008B74F5 /* SlotMachineViewModel.swift */; };
		5BDBF1292577B3FD008B74F5 /* BlackJackViewModel.swift in Sources */ = {isa = PBXBuildFile; fileRef = 5BDBF1282577B3FD008B74F5 /* BlackJackViewModel.swift */; };
		5BDBF12B2577C07E008B74F5 /* HomeViewModel.swift in Sources */ = {isa = PBXBuildFile; fileRef = 5BDBF12A2577C07E008B74F5 /* HomeViewModel.swift */; };
		5BDE224E2553BF4D00AB15C3 /* CoinValue.swift in Sources */ = {isa = PBXBuildFile; fileRef = 5BDE22442553BF4C00AB15C3 /* CoinValue.swift */; };
		5BDE224F2553BF4D00AB15C3 /* Deck.swift in Sources */ = {isa = PBXBuildFile; fileRef = 5BDE22452553BF4C00AB15C3 /* Deck.swift */; };
		5BDE22502553BF4D00AB15C3 /* BasePlayer.swift in Sources */ = {isa = PBXBuildFile; fileRef = 5BDE22462553BF4C00AB15C3 /* BasePlayer.swift */; };
		5BDE22512553BF4D00AB15C3 /* Cash.swift in Sources */ = {isa = PBXBuildFile; fileRef = 5BDE22472553BF4D00AB15C3 /* Cash.swift */; };
		5BDE22522553BF4D00AB15C3 /* Player.swift in Sources */ = {isa = PBXBuildFile; fileRef = 5BDE22482553BF4D00AB15C3 /* Player.swift */; };
		5BDE22532553BF4D00AB15C3 /* Card.swift in Sources */ = {isa = PBXBuildFile; fileRef = 5BDE22492553BF4D00AB15C3 /* Card.swift */; };
		5BDE22542553BF4D00AB15C3 /* Pot.swift in Sources */ = {isa = PBXBuildFile; fileRef = 5BDE224A2553BF4D00AB15C3 /* Pot.swift */; };
		5BDE22552553BF4D00AB15C3 /* Croupier.swift in Sources */ = {isa = PBXBuildFile; fileRef = 5BDE224B2553BF4D00AB15C3 /* Croupier.swift */; };
		5BDE22562553BF4D00AB15C3 /* Hand.swift in Sources */ = {isa = PBXBuildFile; fileRef = 5BDE224C2553BF4D00AB15C3 /* Hand.swift */; };
		5BDE22572553BF4D00AB15C3 /* Coins.swift in Sources */ = {isa = PBXBuildFile; fileRef = 5BDE224D2553BF4D00AB15C3 /* Coins.swift */; };
		5BDE225B2553BF6D00AB15C3 /* Array+Extension.swift in Sources */ = {isa = PBXBuildFile; fileRef = 5BDE22582553BF6D00AB15C3 /* Array+Extension.swift */; };
		5BDE225C2553BF6D00AB15C3 /* BlackJackViewController.swift in Sources */ = {isa = PBXBuildFile; fileRef = 5BDE22592553BF6D00AB15C3 /* BlackJackViewController.swift */; };
		5BDE225D2553BF6D00AB15C3 /* BlackJackScene.swift in Sources */ = {isa = PBXBuildFile; fileRef = 5BDE225A2553BF6D00AB15C3 /* BlackJackScene.swift */; };
		CE54F7DD255DC4E200F01693 /* appstore.png in Resources */ = {isa = PBXBuildFile; fileRef = CE54F7DA255DC4E200F01693 /* appstore.png */; };
		CE54F7DE255DC4E200F01693 /* playstore.png in Resources */ = {isa = PBXBuildFile; fileRef = CE54F7DB255DC4E200F01693 /* playstore.png */; };
		CE54F7DF255DC4E200F01693 /* APP-ICON.xcassets in Resources */ = {isa = PBXBuildFile; fileRef = CE54F7DC255DC4E200F01693 /* APP-ICON.xcassets */; };
		CEA262DA25956DC9005A50DC /* HomeScreenTests.swift in Sources */ = {isa = PBXBuildFile; fileRef = 5BDBF11C257766E7008B74F5 /* HomeScreenTests.swift */; };
		CEB1DC9525844CD800BC419C /* Croupier.swift in Sources */ = {isa = PBXBuildFile; fileRef = 5BDE224B2553BF4D00AB15C3 /* Croupier.swift */; };
		CEB1DC9925844CD900BC419C /* Croupier.swift in Sources */ = {isa = PBXBuildFile; fileRef = 5BDE224B2553BF4D00AB15C3 /* Croupier.swift */; };
/* End PBXBuildFile section */

/* Begin PBXContainerItemProxy section */
		478D07E9251AE48600C033F2 /* PBXContainerItemProxy */ = {
			isa = PBXContainerItemProxy;
			containerPortal = 478D07C6251AE48400C033F2 /* Project object */;
			proxyType = 1;
			remoteGlobalIDString = 478D07CD251AE48400C033F2;
			remoteInfo = "FAB Casino";
		};
		478D07F4251AE48600C033F2 /* PBXContainerItemProxy */ = {
			isa = PBXContainerItemProxy;
			containerPortal = 478D07C6251AE48400C033F2 /* Project object */;
			proxyType = 1;
			remoteGlobalIDString = 478D07CD251AE48400C033F2;
			remoteInfo = "FAB Casino";
		};
/* End PBXContainerItemProxy section */

/* Begin PBXFileReference section */
		478D07CE251AE48400C033F2 /* FAB Casino.app */ = {isa = PBXFileReference; explicitFileType = wrapper.application; includeInIndex = 0; path = "FAB Casino.app"; sourceTree = BUILT_PRODUCTS_DIR; };
		478D07D1251AE48400C033F2 /* AppDelegate.swift */ = {isa = PBXFileReference; lastKnownFileType = sourcecode.swift; path = AppDelegate.swift; sourceTree = "<group>"; };
		478D07D3251AE48400C033F2 /* GameScene.sks */ = {isa = PBXFileReference; lastKnownFileType = file.sks; path = GameScene.sks; sourceTree = "<group>"; };
		478D07D5251AE48400C033F2 /* Actions.sks */ = {isa = PBXFileReference; lastKnownFileType = file.sks; path = Actions.sks; sourceTree = "<group>"; };
		478D07D7251AE48400C033F2 /* GameScene.swift */ = {isa = PBXFileReference; lastKnownFileType = sourcecode.swift; path = GameScene.swift; sourceTree = "<group>"; };
		478D07D9251AE48400C033F2 /* GameViewController.swift */ = {isa = PBXFileReference; lastKnownFileType = sourcecode.swift; path = GameViewController.swift; sourceTree = "<group>"; };
		478D07DC251AE48400C033F2 /* Base */ = {isa = PBXFileReference; lastKnownFileType = file.storyboard; name = Base; path = Base.lproj/Main.storyboard; sourceTree = "<group>"; };
		478D07DE251AE48600C033F2 /* Casino.xcassets */ = {isa = PBXFileReference; lastKnownFileType = folder.assetcatalog; path = Casino.xcassets; sourceTree = "<group>"; };
		478D07E1251AE48600C033F2 /* Base */ = {isa = PBXFileReference; lastKnownFileType = file.storyboard; name = Base; path = Base.lproj/LaunchScreen.storyboard; sourceTree = "<group>"; };
		478D07E3251AE48600C033F2 /* Info.plist */ = {isa = PBXFileReference; lastKnownFileType = text.plist.xml; path = Info.plist; sourceTree = "<group>"; };
		478D07E8251AE48600C033F2 /* FAB CasinoTests.xctest */ = {isa = PBXFileReference; explicitFileType = wrapper.cfbundle; includeInIndex = 0; path = "FAB CasinoTests.xctest"; sourceTree = BUILT_PRODUCTS_DIR; };
		478D07EC251AE48600C033F2 /* FAB_CasinoTests.swift */ = {isa = PBXFileReference; lastKnownFileType = sourcecode.swift; path = FAB_CasinoTests.swift; sourceTree = "<group>"; };
		478D07EE251AE48600C033F2 /* Info.plist */ = {isa = PBXFileReference; lastKnownFileType = text.plist.xml; path = Info.plist; sourceTree = "<group>"; };
		478D07F3251AE48600C033F2 /* FAB CasinoUITests.xctest */ = {isa = PBXFileReference; explicitFileType = wrapper.cfbundle; includeInIndex = 0; path = "FAB CasinoUITests.xctest"; sourceTree = BUILT_PRODUCTS_DIR; };
		478D07F7251AE48600C033F2 /* FAB_CasinoUITests.swift */ = {isa = PBXFileReference; lastKnownFileType = sourcecode.swift; path = FAB_CasinoUITests.swift; sourceTree = "<group>"; };
		478D07F9251AE48600C033F2 /* Info.plist */ = {isa = PBXFileReference; lastKnownFileType = text.plist.xml; path = Info.plist; sourceTree = "<group>"; };
		47996088255131B3000ACEED /* Blackjack.xcassets */ = {isa = PBXFileReference; lastKnownFileType = folder.assetcatalog; path = Blackjack.xcassets; sourceTree = "<group>"; };
		47CC5B44255C9B3D001CDB36 /* ViewController.swift */ = {isa = PBXFileReference; fileEncoding = 4; lastKnownFileType = sourcecode.swift; path = ViewController.swift; sourceTree = "<group>"; };
		47CC5B46255C9B3D001CDB36 /* SlotMachine.storyboard */ = {isa = PBXFileReference; fileEncoding = 4; lastKnownFileType = file.storyboard; path = SlotMachine.storyboard; sourceTree = "<group>"; };
		47CC5B47255C9B3D001CDB36 /* Utils.swift */ = {isa = PBXFileReference; fileEncoding = 4; lastKnownFileType = sourcecode.swift; path = Utils.swift; sourceTree = "<group>"; };
		47CC5B4F255C9C29001CDB36 /* win.wav */ = {isa = PBXFileReference; lastKnownFileType = audio.wav; path = win.wav; sourceTree = "<group>"; };
		47CC5B50255C9C29001CDB36 /* spin.wav */ = {isa = PBXFileReference; lastKnownFileType = audio.wav; path = spin.wav; sourceTree = "<group>"; };
		47CC5B6D255C9F5E001CDB36 /* SlotMachine.xcassets */ = {isa = PBXFileReference; lastKnownFileType = folder.assetcatalog; path = SlotMachine.xcassets; sourceTree = "<group>"; };
		47DBC05A255D0E3800B71302 /* Roulette.xcassets */ = {isa = PBXFileReference; lastKnownFileType = folder.assetcatalog; path = Roulette.xcassets; sourceTree = "<group>"; };
		5BB65B19255166CF0017B4CC /* Roulette.storyboard */ = {isa = PBXFileReference; fileEncoding = 4; lastKnownFileType = file.storyboard; path = Roulette.storyboard; sourceTree = "<group>"; };
		5BB65B1A255166D00017B4CC /* RouletteViewController.swift */ = {isa = PBXFileReference; fileEncoding = 4; lastKnownFileType = sourcecode.swift; path = RouletteViewController.swift; sourceTree = "<group>"; };
		5BDBF11C257766E7008B74F5 /* HomeScreenTests.swift */ = {isa = PBXFileReference; lastKnownFileType = sourcecode.swift; path = HomeScreenTests.swift; sourceTree = "<group>"; };
		5BDBF11E25776700008B74F5 /* BlackJackTests.swift */ = {isa = PBXFileReference; lastKnownFileType = sourcecode.swift; path = BlackJackTests.swift; sourceTree = "<group>"; };
		5BDBF1202577671B008B74F5 /* RouletteTest.swift */ = {isa = PBXFileReference; lastKnownFileType = sourcecode.swift; path = RouletteTest.swift; sourceTree = "<group>"; };
		5BDBF12225776775008B74F5 /* SlotMachineTests.swift */ = {isa = PBXFileReference; lastKnownFileType = sourcecode.swift; path = SlotMachineTests.swift; sourceTree = "<group>"; };
		5BDBF12425777637008B74F5 /* RoulleteViewModel.swift */ = {isa = PBXFileReference; lastKnownFileType = sourcecode.swift; path = RoulleteViewModel.swift; sourceTree = "<group>"; };
		5BDBF126257781D1008B74F5 /* SlotMachineViewModel.swift */ = {isa = PBXFileReference; lastKnownFileType = sourcecode.swift; path = SlotMachineViewModel.swift; sourceTree = "<group>"; };
		5BDBF1282577B3FD008B74F5 /* BlackJackViewModel.swift */ = {isa = PBXFileReference; lastKnownFileType = sourcecode.swift; path = BlackJackViewModel.swift; sourceTree = "<group>"; };
		5BDBF12A2577C07E008B74F5 /* HomeViewModel.swift */ = {isa = PBXFileReference; lastKnownFileType = sourcecode.swift; path = HomeViewModel.swift; sourceTree = "<group>"; };
		5BDE22442553BF4C00AB15C3 /* CoinValue.swift */ = {isa = PBXFileReference; fileEncoding = 4; lastKnownFileType = sourcecode.swift; path = CoinValue.swift; sourceTree = "<group>"; };
		5BDE22452553BF4C00AB15C3 /* Deck.swift */ = {isa = PBXFileReference; fileEncoding = 4; lastKnownFileType = sourcecode.swift; path = Deck.swift; sourceTree = "<group>"; };
		5BDE22462553BF4C00AB15C3 /* BasePlayer.swift */ = {isa = PBXFileReference; fileEncoding = 4; lastKnownFileType = sourcecode.swift; path = BasePlayer.swift; sourceTree = "<group>"; };
		5BDE22472553BF4D00AB15C3 /* Cash.swift */ = {isa = PBXFileReference; fileEncoding = 4; lastKnownFileType = sourcecode.swift; path = Cash.swift; sourceTree = "<group>"; };
		5BDE22482553BF4D00AB15C3 /* Player.swift */ = {isa = PBXFileReference; fileEncoding = 4; lastKnownFileType = sourcecode.swift; path = Player.swift; sourceTree = "<group>"; };
		5BDE22492553BF4D00AB15C3 /* Card.swift */ = {isa = PBXFileReference; fileEncoding = 4; lastKnownFileType = sourcecode.swift; path = Card.swift; sourceTree = "<group>"; };
		5BDE224A2553BF4D00AB15C3 /* Pot.swift */ = {isa = PBXFileReference; fileEncoding = 4; lastKnownFileType = sourcecode.swift; path = Pot.swift; sourceTree = "<group>"; };
		5BDE224B2553BF4D00AB15C3 /* Croupier.swift */ = {isa = PBXFileReference; fileEncoding = 4; lastKnownFileType = sourcecode.swift; path = Croupier.swift; sourceTree = "<group>"; };
		5BDE224C2553BF4D00AB15C3 /* Hand.swift */ = {isa = PBXFileReference; fileEncoding = 4; lastKnownFileType = sourcecode.swift; path = Hand.swift; sourceTree = "<group>"; };
		5BDE224D2553BF4D00AB15C3 /* Coins.swift */ = {isa = PBXFileReference; fileEncoding = 4; lastKnownFileType = sourcecode.swift; path = Coins.swift; sourceTree = "<group>"; };
		5BDE22582553BF6D00AB15C3 /* Array+Extension.swift */ = {isa = PBXFileReference; fileEncoding = 4; lastKnownFileType = sourcecode.swift; path = "Array+Extension.swift"; sourceTree = "<group>"; };
		5BDE22592553BF6D00AB15C3 /* BlackJackViewController.swift */ = {isa = PBXFileReference; fileEncoding = 4; lastKnownFileType = sourcecode.swift; path = BlackJackViewController.swift; sourceTree = "<group>"; };
		5BDE225A2553BF6D00AB15C3 /* BlackJackScene.swift */ = {isa = PBXFileReference; fileEncoding = 4; lastKnownFileType = sourcecode.swift; path = BlackJackScene.swift; sourceTree = "<group>"; };
		CE54F7DA255DC4E200F01693 /* appstore.png */ = {isa = PBXFileReference; lastKnownFileType = image.png; path = appstore.png; sourceTree = "<group>"; };
		CE54F7DB255DC4E200F01693 /* playstore.png */ = {isa = PBXFileReference; lastKnownFileType = image.png; path = playstore.png; sourceTree = "<group>"; };
		CE54F7DC255DC4E200F01693 /* APP-ICON.xcassets */ = {isa = PBXFileReference; lastKnownFileType = folder.assetcatalog; path = "APP-ICON.xcassets"; sourceTree = "<group>"; };
/* End PBXFileReference section */

/* Begin PBXFrameworksBuildPhase section */
		478D07CB251AE48400C033F2 /* Frameworks */ = {
			isa = PBXFrameworksBuildPhase;
			buildActionMask = 2147483647;
			files = (
			);
			runOnlyForDeploymentPostprocessing = 0;
		};
		478D07E5251AE48600C033F2 /* Frameworks */ = {
			isa = PBXFrameworksBuildPhase;
			buildActionMask = 2147483647;
			files = (
			);
			runOnlyForDeploymentPostprocessing = 0;
		};
		478D07F0251AE48600C033F2 /* Frameworks */ = {
			isa = PBXFrameworksBuildPhase;
			buildActionMask = 2147483647;
			files = (
			);
			runOnlyForDeploymentPostprocessing = 0;
		};
/* End PBXFrameworksBuildPhase section */

/* Begin PBXGroup section */
		478D07C5251AE48400C033F2 = {
			isa = PBXGroup;
			children = (
				478D07D0251AE48400C033F2 /* FAB Casino */,
				478D07EB251AE48600C033F2 /* FAB CasinoTests */,
				478D07F6251AE48600C033F2 /* FAB CasinoUITests */,
				478D07CF251AE48400C033F2 /* Products */,
			);
			sourceTree = "<group>";
		};
		478D07CF251AE48400C033F2 /* Products */ = {
			isa = PBXGroup;
			children = (
				478D07CE251AE48400C033F2 /* FAB Casino.app */,
				478D07E8251AE48600C033F2 /* FAB CasinoTests.xctest */,
				478D07F3251AE48600C033F2 /* FAB CasinoUITests.xctest */,
			);
			name = Products;
			sourceTree = "<group>";
		};
		478D07D0251AE48400C033F2 /* FAB Casino */ = {
			isa = PBXGroup;
			children = (
				CE54F7DA255DC4E200F01693 /* appstore.png */,
				CE54F7DB255DC4E200F01693 /* playstore.png */,
				47CC5B3D255C9981001CDB36 /* Slot Machine */,
				5BDE22422553BE7B00AB15C3 /* BlackJack */,
				5BB65B182551669A0017B4CC /* Roulette */,
				5BB65B17255166300017B4CC /* Home */,
				478D07D1251AE48400C033F2 /* AppDelegate.swift */,
				478D07D5251AE48400C033F2 /* Actions.sks */,
				478D07E0251AE48600C033F2 /* LaunchScreen.storyboard */,
				478D07E3251AE48600C033F2 /* Info.plist */,
				47CC5B50255C9C29001CDB36 /* spin.wav */,
				47CC5B4F255C9C29001CDB36 /* win.wav */,
				478D07DE251AE48600C033F2 /* Casino.xcassets */,
				47996088255131B3000ACEED /* Blackjack.xcassets */,
				47CC5B6D255C9F5E001CDB36 /* SlotMachine.xcassets */,
				47DBC05A255D0E3800B71302 /* Roulette.xcassets */,
				CE54F7DC255DC4E200F01693 /* APP-ICON.xcassets */,
			);
			path = "FAB Casino";
			sourceTree = "<group>";
		};
		478D07EB251AE48600C033F2 /* FAB CasinoTests */ = {
			isa = PBXGroup;
			children = (
				478D07EC251AE48600C033F2 /* FAB_CasinoTests.swift */,
				478D07EE251AE48600C033F2 /* Info.plist */,
				5BDBF11C257766E7008B74F5 /* HomeScreenTests.swift */,
				5BDBF11E25776700008B74F5 /* BlackJackTests.swift */,
				5BDBF1202577671B008B74F5 /* RouletteTest.swift */,
				5BDBF12225776775008B74F5 /* SlotMachineTests.swift */,
			);
			path = "FAB CasinoTests";
			sourceTree = "<group>";
		};
		478D07F6251AE48600C033F2 /* FAB CasinoUITests */ = {
			isa = PBXGroup;
			children = (
				478D07F7251AE48600C033F2 /* FAB_CasinoUITests.swift */,
				478D07F9251AE48600C033F2 /* Info.plist */,
			);
			path = "FAB CasinoUITests";
			sourceTree = "<group>";
		};
		47CC5B3D255C9981001CDB36 /* Slot Machine */ = {
			isa = PBXGroup;
			children = (
				47CC5B46255C9B3D001CDB36 /* SlotMachine.storyboard */,
				47CC5B44255C9B3D001CDB36 /* ViewController.swift */,
				47CC5B47255C9B3D001CDB36 /* Utils.swift */,
				5BDBF126257781D1008B74F5 /* SlotMachineViewModel.swift */,
			);
			path = "Slot Machine";
			sourceTree = "<group>";
		};
		5BB65B17255166300017B4CC /* Home */ = {
			isa = PBXGroup;
			children = (
				478D07DB251AE48400C033F2 /* Main.storyboard */,
				478D07D9251AE48400C033F2 /* GameViewController.swift */,
				478D07D7251AE48400C033F2 /* GameScene.swift */,
				478D07D3251AE48400C033F2 /* GameScene.sks */,
				5BDBF12A2577C07E008B74F5 /* HomeViewModel.swift */,
			);
			path = Home;
			sourceTree = "<group>";
		};
		5BB65B182551669A0017B4CC /* Roulette */ = {
			isa = PBXGroup;
			children = (
				5BB65B19255166CF0017B4CC /* Roulette.storyboard */,
				5BB65B1A255166D00017B4CC /* RouletteViewController.swift */,
				5BDBF12425777637008B74F5 /* RoulleteViewModel.swift */,
			);
			path = Roulette;
			sourceTree = "<group>";
		};
		5BDE22422553BE7B00AB15C3 /* BlackJack */ = {
			isa = PBXGroup;
			children = (
				5BDE22582553BF6D00AB15C3 /* Array+Extension.swift */,
				5BDE225A2553BF6D00AB15C3 /* BlackJackScene.swift */,
				5BDE22592553BF6D00AB15C3 /* BlackJackViewController.swift */,
				5BDE22432553BF3800AB15C3 /* Models */,
				5BDBF1282577B3FD008B74F5 /* BlackJackViewModel.swift */,
			);
			path = BlackJack;
			sourceTree = "<group>";
		};
		5BDE22432553BF3800AB15C3 /* Models */ = {
			isa = PBXGroup;
			children = (
				5BDE22472553BF4D00AB15C3 /* Cash.swift */,
				5BDE22492553BF4D00AB15C3 /* Card.swift */,
				5BDE224B2553BF4D00AB15C3 /* Croupier.swift */,
				5BDE22452553BF4C00AB15C3 /* Deck.swift */,
				5BDE22462553BF4C00AB15C3 /* BasePlayer.swift */,
				5BDE224C2553BF4D00AB15C3 /* Hand.swift */,
				5BDE224D2553BF4D00AB15C3 /* Coins.swift */,
				5BDE22442553BF4C00AB15C3 /* CoinValue.swift */,
				5BDE22482553BF4D00AB15C3 /* Player.swift */,
				5BDE224A2553BF4D00AB15C3 /* Pot.swift */,
			);
			path = Models;
			sourceTree = "<group>";
		};
/* End PBXGroup section */

/* Begin PBXNativeTarget section */
		478D07CD251AE48400C033F2 /* FAB Casino */ = {
			isa = PBXNativeTarget;
			buildConfigurationList = 478D07FC251AE48600C033F2 /* Build configuration list for PBXNativeTarget "FAB Casino" */;
			buildPhases = (
				478D07CA251AE48400C033F2 /* Sources */,
				478D07CB251AE48400C033F2 /* Frameworks */,
				478D07CC251AE48400C033F2 /* Resources */,
			);
			buildRules = (
			);
			dependencies = (
			);
			name = "FAB Casino";
			productName = "FAB Casino";
			productReference = 478D07CE251AE48400C033F2 /* FAB Casino.app */;
			productType = "com.apple.product-type.application";
		};
		478D07E7251AE48600C033F2 /* FAB CasinoTests */ = {
			isa = PBXNativeTarget;
			buildConfigurationList = 478D07FF251AE48600C033F2 /* Build configuration list for PBXNativeTarget "FAB CasinoTests" */;
			buildPhases = (
				478D07E4251AE48600C033F2 /* Sources */,
				478D07E5251AE48600C033F2 /* Frameworks */,
				478D07E6251AE48600C033F2 /* Resources */,
			);
			buildRules = (
			);
			dependencies = (
				478D07EA251AE48600C033F2 /* PBXTargetDependency */,
			);
			name = "FAB CasinoTests";
			productName = "FAB CasinoTests";
			productReference = 478D07E8251AE48600C033F2 /* FAB CasinoTests.xctest */;
			productType = "com.apple.product-type.bundle.unit-test";
		};
		478D07F2251AE48600C033F2 /* FAB CasinoUITests */ = {
			isa = PBXNativeTarget;
			buildConfigurationList = 478D0802251AE48600C033F2 /* Build configuration list for PBXNativeTarget "FAB CasinoUITests" */;
			buildPhases = (
				478D07EF251AE48600C033F2 /* Sources */,
				478D07F0251AE48600C033F2 /* Frameworks */,
				478D07F1251AE48600C033F2 /* Resources */,
			);
			buildRules = (
			);
			dependencies = (
				478D07F5251AE48600C033F2 /* PBXTargetDependency */,
			);
			name = "FAB CasinoUITests";
			productName = "FAB CasinoUITests";
			productReference = 478D07F3251AE48600C033F2 /* FAB CasinoUITests.xctest */;
			productType = "com.apple.product-type.bundle.ui-testing";
		};
/* End PBXNativeTarget section */

/* Begin PBXProject section */
		478D07C6251AE48400C033F2 /* Project object */ = {
			isa = PBXProject;
			attributes = {
				CLASSPREFIX = "CPSC-223W";
				LastSwiftUpdateCheck = 1170;
				LastUpgradeCheck = 1210;
				ORGANIZATIONNAME = CSUFullerton;
				TargetAttributes = {
					478D07CD251AE48400C033F2 = {
						CreatedOnToolsVersion = 11.7;
					};
					478D07E7251AE48600C033F2 = {
						CreatedOnToolsVersion = 11.7;
						TestTargetID = 478D07CD251AE48400C033F2;
					};
					478D07F2251AE48600C033F2 = {
						CreatedOnToolsVersion = 11.7;
						TestTargetID = 478D07CD251AE48400C033F2;
					};
				};
			};
			buildConfigurationList = 478D07C9251AE48400C033F2 /* Build configuration list for PBXProject "FAB Casino" */;
			compatibilityVersion = "Xcode 12.0";
			developmentRegion = en;
			hasScannedForEncodings = 0;
			knownRegions = (
				en,
				Base,
			);
			mainGroup = 478D07C5251AE48400C033F2;
			productRefGroup = 478D07CF251AE48400C033F2 /* Products */;
			projectDirPath = "";
			projectRoot = "";
			targets = (
				478D07CD251AE48400C033F2 /* FAB Casino */,
				478D07E7251AE48600C033F2 /* FAB CasinoTests */,
				478D07F2251AE48600C033F2 /* FAB CasinoUITests */,
			);
		};
/* End PBXProject section */

/* Begin PBXResourcesBuildPhase section */
		478D07CC251AE48400C033F2 /* Resources */ = {
			isa = PBXResourcesBuildPhase;
			buildActionMask = 2147483647;
			files = (
				5BB65B1B255166D00017B4CC /* Roulette.storyboard in Resources */,
				47CC5B4A255C9B3D001CDB36 /* SlotMachine.storyboard in Resources */,
				47CC5B52255C9C29001CDB36 /* spin.wav in Resources */,
				47CC5B6E255C9F5E001CDB36 /* SlotMachine.xcassets in Resources */,
				CE54F7DD255DC4E200F01693 /* appstore.png in Resources */,
				CE54F7DE255DC4E200F01693 /* playstore.png in Resources */,
				478D07DD251AE48400C033F2 /* Main.storyboard in Resources */,
				47CC5B51255C9C29001CDB36 /* win.wav in Resources */,
				CE54F7DF255DC4E200F01693 /* APP-ICON.xcassets in Resources */,
				478D07D4251AE48400C033F2 /* GameScene.sks in Resources */,
				47996089255131B3000ACEED /* Blackjack.xcassets in Resources */,
				478D07DF251AE48600C033F2 /* Casino.xcassets in Resources */,
				47DBC05B255D0E3800B71302 /* Roulette.xcassets in Resources */,
				478D07E2251AE48600C033F2 /* LaunchScreen.storyboard in Resources */,
				478D07D6251AE48400C033F2 /* Actions.sks in Resources */,
			);
			runOnlyForDeploymentPostprocessing = 0;
		};
		478D07E6251AE48600C033F2 /* Resources */ = {
			isa = PBXResourcesBuildPhase;
			buildActionMask = 2147483647;
			files = (
			);
			runOnlyForDeploymentPostprocessing = 0;
		};
		478D07F1251AE48600C033F2 /* Resources */ = {
			isa = PBXResourcesBuildPhase;
			buildActionMask = 2147483647;
			files = (
			);
			runOnlyForDeploymentPostprocessing = 0;
		};
/* End PBXResourcesBuildPhase section */

/* Begin PBXSourcesBuildPhase section */
		478D07CA251AE48400C033F2 /* Sources */ = {
			isa = PBXSourcesBuildPhase;
			buildActionMask = 2147483647;
			files = (
				5BDE224F2553BF4D00AB15C3 /* Deck.swift in Sources */,
				5BDE22512553BF4D00AB15C3 /* Cash.swift in Sources */,
				47CC5B48255C9B3D001CDB36 /* ViewController.swift in Sources */,
				5BDE22572553BF4D00AB15C3 /* Coins.swift in Sources */,
				478D07D8251AE48400C033F2 /* GameScene.swift in Sources */,
				5BDBF12B2577C07E008B74F5 /* HomeViewModel.swift in Sources */,
				478D07DA251AE48400C033F2 /* GameViewController.swift in Sources */,
				5BDE22562553BF4D00AB15C3 /* Hand.swift in Sources */,
				5BDE225B2553BF6D00AB15C3 /* Array+Extension.swift in Sources */,
				5BB65B1C255166D00017B4CC /* RouletteViewController.swift in Sources */,
				5BDBF12525777637008B74F5 /* RoulleteViewModel.swift in Sources */,
				5BDE224E2553BF4D00AB15C3 /* CoinValue.swift in Sources */,
				5BDBF1292577B3FD008B74F5 /* BlackJackViewModel.swift in Sources */,
				478D07D2251AE48400C033F2 /* AppDelegate.swift in Sources */,
				5BDBF127257781D1008B74F5 /* SlotMachineViewModel.swift in Sources */,
				5BDE22542553BF4D00AB15C3 /* Pot.swift in Sources */,
				5BDE22552553BF4D00AB15C3 /* Croupier.swift in Sources */,
				5BDE22532553BF4D00AB15C3 /* Card.swift in Sources */,
				5BDE225C2553BF6D00AB15C3 /* BlackJackViewController.swift in Sources */,
				47CC5B4B255C9B3D001CDB36 /* Utils.swift in Sources */,
				5BDE225D2553BF6D00AB15C3 /* BlackJackScene.swift in Sources */,
				5BDE22522553BF4D00AB15C3 /* Player.swift in Sources */,
				5BDE22502553BF4D00AB15C3 /* BasePlayer.swift in Sources */,
			);
			runOnlyForDeploymentPostprocessing = 0;
		};
		478D07E4251AE48600C033F2 /* Sources */ = {
			isa = PBXSourcesBuildPhase;
			buildActionMask = 2147483647;
			files = (
				5BDBF1212577671B008B74F5 /* RouletteTest.swift in Sources */,
				5BDBF11F25776700008B74F5 /* BlackJackTests.swift in Sources */,
				5BDBF12325776775008B74F5 /* SlotMachineTests.swift in Sources */,
				CEB1DC9525844CD800BC419C /* Croupier.swift in Sources */,
				CEA262DA25956DC9005A50DC /* HomeScreenTests.swift in Sources */,
				478D07ED251AE48600C033F2 /* FAB_CasinoTests.swift in Sources */,
			);
			runOnlyForDeploymentPostprocessing = 0;
		};
		478D07EF251AE48600C033F2 /* Sources */ = {
			isa = PBXSourcesBuildPhase;
			buildActionMask = 2147483647;
			files = (
				CEB1DC9925844CD900BC419C /* Croupier.swift in Sources */,
				478D07F8251AE48600C033F2 /* FAB_CasinoUITests.swift in Sources */,
			);
			runOnlyForDeploymentPostprocessing = 0;
		};
/* End PBXSourcesBuildPhase section */

/* Begin PBXTargetDependency section */
		478D07EA251AE48600C033F2 /* PBXTargetDependency */ = {
			isa = PBXTargetDependency;
			target = 478D07CD251AE48400C033F2 /* FAB Casino */;
			targetProxy = 478D07E9251AE48600C033F2 /* PBXContainerItemProxy */;
		};
		478D07F5251AE48600C033F2 /* PBXTargetDependency */ = {
			isa = PBXTargetDependency;
			target = 478D07CD251AE48400C033F2 /* FAB Casino */;
			targetProxy = 478D07F4251AE48600C033F2 /* PBXContainerItemProxy */;
		};
/* End PBXTargetDependency section */

/* Begin PBXVariantGroup section */
		478D07DB251AE48400C033F2 /* Main.storyboard */ = {
			isa = PBXVariantGroup;
			children = (
				478D07DC251AE48400C033F2 /* Base */,
			);
			name = Main.storyboard;
			sourceTree = "<group>";
		};
		478D07E0251AE48600C033F2 /* LaunchScreen.storyboard */ = {
			isa = PBXVariantGroup;
			children = (
				478D07E1251AE48600C033F2 /* Base */,
			);
			name = LaunchScreen.storyboard;
			sourceTree = "<group>";
		};
/* End PBXVariantGroup section */

/* Begin XCBuildConfiguration section */
		478D07FA251AE48600C033F2 /* Debug */ = {
			isa = XCBuildConfiguration;
			buildSettings = {
				ALWAYS_SEARCH_USER_PATHS = NO;
				CLANG_ANALYZER_NONNULL = YES;
				CLANG_ANALYZER_NUMBER_OBJECT_CONVERSION = YES_AGGRESSIVE;
				CLANG_CXX_LANGUAGE_STANDARD = "gnu++14";
				CLANG_CXX_LIBRARY = "libc++";
				CLANG_ENABLE_MODULES = YES;
				CLANG_ENABLE_OBJC_ARC = YES;
				CLANG_ENABLE_OBJC_WEAK = YES;
				CLANG_WARN_BLOCK_CAPTURE_AUTORELEASING = YES;
				CLANG_WARN_BOOL_CONVERSION = YES;
				CLANG_WARN_COMMA = YES;
				CLANG_WARN_CONSTANT_CONVERSION = YES;
				CLANG_WARN_DEPRECATED_OBJC_IMPLEMENTATIONS = YES;
				CLANG_WARN_DIRECT_OBJC_ISA_USAGE = YES_ERROR;
				CLANG_WARN_DOCUMENTATION_COMMENTS = YES;
				CLANG_WARN_EMPTY_BODY = YES;
				CLANG_WARN_ENUM_CONVERSION = YES;
				CLANG_WARN_INFINITE_RECURSION = YES;
				CLANG_WARN_INT_CONVERSION = YES;
				CLANG_WARN_NON_LITERAL_NULL_CONVERSION = YES;
				CLANG_WARN_OBJC_IMPLICIT_RETAIN_SELF = YES;
				CLANG_WARN_OBJC_LITERAL_CONVERSION = YES;
				CLANG_WARN_OBJC_ROOT_CLASS = YES_ERROR;
				CLANG_WARN_QUOTED_INCLUDE_IN_FRAMEWORK_HEADER = YES;
				CLANG_WARN_RANGE_LOOP_ANALYSIS = YES;
				CLANG_WARN_STRICT_PROTOTYPES = YES;
				CLANG_WARN_SUSPICIOUS_MOVE = YES;
				CLANG_WARN_UNGUARDED_AVAILABILITY = YES_AGGRESSIVE;
				CLANG_WARN_UNREACHABLE_CODE = YES;
				CLANG_WARN__DUPLICATE_METHOD_MATCH = YES;
				COPY_PHASE_STRIP = NO;
				DEBUG_INFORMATION_FORMAT = dwarf;
				ENABLE_STRICT_OBJC_MSGSEND = YES;
				ENABLE_TESTABILITY = YES;
				GCC_C_LANGUAGE_STANDARD = gnu11;
				GCC_DYNAMIC_NO_PIC = NO;
				GCC_NO_COMMON_BLOCKS = YES;
				GCC_OPTIMIZATION_LEVEL = 0;
				GCC_PREPROCESSOR_DEFINITIONS = (
					"DEBUG=1",
					"$(inherited)",
				);
				GCC_WARN_64_TO_32_BIT_CONVERSION = YES;
				GCC_WARN_ABOUT_RETURN_TYPE = YES_ERROR;
				GCC_WARN_UNDECLARED_SELECTOR = YES;
				GCC_WARN_UNINITIALIZED_AUTOS = YES_AGGRESSIVE;
				GCC_WARN_UNUSED_FUNCTION = YES;
				GCC_WARN_UNUSED_VARIABLE = YES;
				IPHONEOS_DEPLOYMENT_TARGET = 13.0;
				MTL_ENABLE_DEBUG_INFO = INCLUDE_SOURCE;
				MTL_FAST_MATH = YES;
				ONLY_ACTIVE_ARCH = YES;
				SDKROOT = iphoneos;
				SWIFT_ACTIVE_COMPILATION_CONDITIONS = DEBUG;
				SWIFT_OPTIMIZATION_LEVEL = "-Onone";
				SWIFT_VERSION = 5.0;
			};
			name = Debug;
		};
		478D07FB251AE48600C033F2 /* Release */ = {
			isa = XCBuildConfiguration;
			buildSettings = {
				ALWAYS_SEARCH_USER_PATHS = NO;
				CLANG_ANALYZER_NONNULL = YES;
				CLANG_ANALYZER_NUMBER_OBJECT_CONVERSION = YES_AGGRESSIVE;
				CLANG_CXX_LANGUAGE_STANDARD = "gnu++14";
				CLANG_CXX_LIBRARY = "libc++";
				CLANG_ENABLE_MODULES = YES;
				CLANG_ENABLE_OBJC_ARC = YES;
				CLANG_ENABLE_OBJC_WEAK = YES;
				CLANG_WARN_BLOCK_CAPTURE_AUTORELEASING = YES;
				CLANG_WARN_BOOL_CONVERSION = YES;
				CLANG_WARN_COMMA = YES;
				CLANG_WARN_CONSTANT_CONVERSION = YES;
				CLANG_WARN_DEPRECATED_OBJC_IMPLEMENTATIONS = YES;
				CLANG_WARN_DIRECT_OBJC_ISA_USAGE = YES_ERROR;
				CLANG_WARN_DOCUMENTATION_COMMENTS = YES;
				CLANG_WARN_EMPTY_BODY = YES;
				CLANG_WARN_ENUM_CONVERSION = YES;
				CLANG_WARN_INFINITE_RECURSION = YES;
				CLANG_WARN_INT_CONVERSION = YES;
				CLANG_WARN_NON_LITERAL_NULL_CONVERSION = YES;
				CLANG_WARN_OBJC_IMPLICIT_RETAIN_SELF = YES;
				CLANG_WARN_OBJC_LITERAL_CONVERSION = YES;
				CLANG_WARN_OBJC_ROOT_CLASS = YES_ERROR;
				CLANG_WARN_QUOTED_INCLUDE_IN_FRAMEWORK_HEADER = YES;
				CLANG_WARN_RANGE_LOOP_ANALYSIS = YES;
				CLANG_WARN_STRICT_PROTOTYPES = YES;
				CLANG_WARN_SUSPICIOUS_MOVE = YES;
				CLANG_WARN_UNGUARDED_AVAILABILITY = YES_AGGRESSIVE;
				CLANG_WARN_UNREACHABLE_CODE = YES;
				CLANG_WARN__DUPLICATE_METHOD_MATCH = YES;
				COPY_PHASE_STRIP = NO;
				DEBUG_INFORMATION_FORMAT = "dwarf-with-dsym";
				ENABLE_NS_ASSERTIONS = NO;
				ENABLE_STRICT_OBJC_MSGSEND = YES;
				GCC_C_LANGUAGE_STANDARD = gnu11;
				GCC_NO_COMMON_BLOCKS = YES;
				GCC_WARN_64_TO_32_BIT_CONVERSION = YES;
				GCC_WARN_ABOUT_RETURN_TYPE = YES_ERROR;
				GCC_WARN_UNDECLARED_SELECTOR = YES;
				GCC_WARN_UNINITIALIZED_AUTOS = YES_AGGRESSIVE;
				GCC_WARN_UNUSED_FUNCTION = YES;
				GCC_WARN_UNUSED_VARIABLE = YES;
				IPHONEOS_DEPLOYMENT_TARGET = 13.0;
				MTL_ENABLE_DEBUG_INFO = NO;
				MTL_FAST_MATH = YES;
				SDKROOT = iphoneos;
				SWIFT_COMPILATION_MODE = wholemodule;
				SWIFT_OPTIMIZATION_LEVEL = "-O";
				SWIFT_VERSION = 5.0;
				VALIDATE_PRODUCT = YES;
			};
			name = Release;
		};
		478D07FD251AE48600C033F2 /* Debug */ = {
			isa = XCBuildConfiguration;
			buildSettings = {
				ASSETCATALOG_COMPILER_APPICON_NAME = AppIcon;
				CODE_SIGN_STYLE = Automatic;
				DEVELOPMENT_TEAM = CS7K8XUHZ5;
				INFOPLIST_FILE = "FAB Casino/Info.plist";
				IPHONEOS_DEPLOYMENT_TARGET = 13.0;
				LD_RUNPATH_SEARCH_PATHS = (
					"$(inherited)",
					"@executable_path/Frameworks",
				);
				PRODUCT_BUNDLE_IDENTIFIER = "CPSC223W.FAB-Casino";
				PRODUCT_NAME = "$(TARGET_NAME)";
				SWIFT_VERSION = 5.0;
				TARGETED_DEVICE_FAMILY = "1,2";
			};
			name = Debug;
		};
		478D07FE251AE48600C033F2 /* Release */ = {
			isa = XCBuildConfiguration;
			buildSettings = {
				ASSETCATALOG_COMPILER_APPICON_NAME = AppIcon;
				CODE_SIGN_STYLE = Automatic;
				DEVELOPMENT_TEAM = CS7K8XUHZ5;
				INFOPLIST_FILE = "FAB Casino/Info.plist";
				IPHONEOS_DEPLOYMENT_TARGET = 13.0;
				LD_RUNPATH_SEARCH_PATHS = (
					"$(inherited)",
					"@executable_path/Frameworks",
				);
				PRODUCT_BUNDLE_IDENTIFIER = "CPSC223W.FAB-Casino";
				PRODUCT_NAME = "$(TARGET_NAME)";
				SWIFT_VERSION = 5.0;
				TARGETED_DEVICE_FAMILY = "1,2";
			};
			name = Release;
		};
		478D0800251AE48600C033F2 /* Debug */ = {
			isa = XCBuildConfiguration;
			buildSettings = {
				ALWAYS_EMBED_SWIFT_STANDARD_LIBRARIES = YES;
				BUNDLE_LOADER = "$(TEST_HOST)";
				CODE_SIGN_STYLE = Automatic;
				DEVELOPMENT_TEAM = CS7K8XUHZ5;
				INFOPLIST_FILE = "FAB CasinoTests/Info.plist";
				IPHONEOS_DEPLOYMENT_TARGET = 13.0;
				LD_RUNPATH_SEARCH_PATHS = (
					"$(inherited)",
					"@executable_path/Frameworks",
					"@loader_path/Frameworks",
				);
				PRODUCT_BUNDLE_IDENTIFIER = "CPSC223W.FAB-CasinoTests";
				PRODUCT_NAME = "$(TARGET_NAME)";
				SWIFT_VERSION = 5.0;
				TARGETED_DEVICE_FAMILY = "1,2";
				TEST_HOST = "$(BUILT_PRODUCTS_DIR)/FAB Casino.app/FAB Casino";
			};
			name = Debug;
		};
		478D0801251AE48600C033F2 /* Release */ = {
			isa = XCBuildConfiguration;
			buildSettings = {
				ALWAYS_EMBED_SWIFT_STANDARD_LIBRARIES = YES;
				BUNDLE_LOADER = "$(TEST_HOST)";
				CODE_SIGN_STYLE = Automatic;
				DEVELOPMENT_TEAM = CS7K8XUHZ5;
				INFOPLIST_FILE = "FAB CasinoTests/Info.plist";
				IPHONEOS_DEPLOYMENT_TARGET = 13.0;
				LD_RUNPATH_SEARCH_PATHS = (
					"$(inherited)",
					"@executable_path/Frameworks",
					"@loader_path/Frameworks",
				);
				PRODUCT_BUNDLE_IDENTIFIER = "CPSC223W.FAB-CasinoTests";
				PRODUCT_NAME = "$(TARGET_NAME)";
				SWIFT_VERSION = 5.0;
				TARGETED_DEVICE_FAMILY = "1,2";
				TEST_HOST = "$(BUILT_PRODUCTS_DIR)/FAB Casino.app/FAB Casino";
			};
			name = Release;
		};
		478D0803251AE48600C033F2 /* Debug */ = {
			isa = XCBuildConfiguration;
			buildSettings = {
				ALWAYS_EMBED_SWIFT_STANDARD_LIBRARIES = YES;
				CODE_SIGN_STYLE = Automatic;
				DEVELOPMENT_TEAM = CS7K8XUHZ5;
				INFOPLIST_FILE = "FAB CasinoUITests/Info.plist";
				LD_RUNPATH_SEARCH_PATHS = (
					"$(inherited)",
					"@executable_path/Frameworks",
					"@loader_path/Frameworks",
				);
				PRODUCT_BUNDLE_IDENTIFIER = "CPSC223W.FAB-CasinoUITests";
				PRODUCT_NAME = "$(TARGET_NAME)";
				SWIFT_VERSION = 5.0;
				TARGETED_DEVICE_FAMILY = "1,2";
				TEST_TARGET_NAME = "FAB Casino";
			};
			name = Debug;
		};
		478D0804251AE48600C033F2 /* Release */ = {
			isa = XCBuildConfiguration;
			buildSettings = {
				ALWAYS_EMBED_SWIFT_STANDARD_LIBRARIES = YES;
				CODE_SIGN_STYLE = Automatic;
				DEVELOPMENT_TEAM = CS7K8XUHZ5;
				INFOPLIST_FILE = "FAB CasinoUITests/Info.plist";
				LD_RUNPATH_SEARCH_PATHS = (
					"$(inherited)",
					"@executable_path/Frameworks",
					"@loader_path/Frameworks",
				);
				PRODUCT_BUNDLE_IDENTIFIER = "CPSC223W.FAB-CasinoUITests";
				PRODUCT_NAME = "$(TARGET_NAME)";
				SWIFT_VERSION = 5.0;
				TARGETED_DEVICE_FAMILY = "1,2";
				TEST_TARGET_NAME = "FAB Casino";
			};
			name = Release;
		};
/* End XCBuildConfiguration section */

/* Begin XCConfigurationList section */
		478D07C9251AE48400C033F2 /* Build configuration list for PBXProject "FAB Casino" */ = {
			isa = XCConfigurationList;
			buildConfigurations = (
				478D07FA251AE48600C033F2 /* Debug */,
				478D07FB251AE48600C033F2 /* Release */,
			);
			defaultConfigurationIsVisible = 0;
			defaultConfigurationName = Release;
		};
		478D07FC251AE48600C033F2 /* Build configuration list for PBXNativeTarget "FAB Casino" */ = {
			isa = XCConfigurationList;
			buildConfigurations = (
				478D07FD251AE48600C033F2 /* Debug */,
				478D07FE251AE48600C033F2 /* Release */,
			);
			defaultConfigurationIsVisible = 0;
			defaultConfigurationName = Release;
		};
		478D07FF251AE48600C033F2 /* Build configuration list for PBXNativeTarget "FAB CasinoTests" */ = {
			isa = XCConfigurationList;
			buildConfigurations = (
				478D0800251AE48600C033F2 /* Debug */,
				478D0801251AE48600C033F2 /* Release */,
			);
			defaultConfigurationIsVisible = 0;
			defaultConfigurationName = Release;
		};
		478D0802251AE48600C033F2 /* Build configuration list for PBXNativeTarget "FAB CasinoUITests" */ = {
			isa = XCConfigurationList;
			buildConfigurations = (
				478D0803251AE48600C033F2 /* Debug */,
				478D0804251AE48600C033F2 /* Release */,
			);
			defaultConfigurationIsVisible = 0;
			defaultConfigurationName = Release;
		};
/* End XCConfigurationList section */
	};
	rootObject = 478D07C6251AE48400C033F2 /* Project object */;
}
