// !$*UTF8*$!
{
	archiveVersion = 1;
	classes = {
	};
	objectVersion = 50;
	objects = {

/* Begin PBXBuildFile section */
		4707BF6E251EC0CA00D3B9CC /* game.swift in Sources */ = {isa = PBXBuildFile; fileRef = 4707BF6D251EC0CA00D3B9CC /* game.swift */; };
		4747F7ED251EBF1000FBEF5F /* AppDelegate.swift in Sources */ = {isa = PBXBuildFile; fileRef = 4747F7EC251EBF1000FBEF5F /* AppDelegate.swift */; };
		4747F7EF251EBF1000FBEF5F /* SceneDelegate.swift in Sources */ = {isa = PBXBuildFile; fileRef = 4747F7EE251EBF1000FBEF5F /* SceneDelegate.swift */; };
		4747F7F1251EBF1000FBEF5F /* ViewController.swift in Sources */ = {isa = PBXBuildFile; fileRef = 4747F7F0251EBF1000FBEF5F /* ViewController.swift */; };
		4747F7F4251EBF1000FBEF5F /* Main.storyboard in Resources */ = {isa = PBXBuildFile; fileRef = 4747F7F2251EBF1000FBEF5F /* Main.storyboard */; };
		4747F7F6251EBF1100FBEF5F /* Assets.xcassets in Resources */ = {isa = PBXBuildFile; fileRef = 4747F7F5251EBF1100FBEF5F /* Assets.xcassets */; };
		4747F7F9251EBF1100FBEF5F /* LaunchScreen.storyboard in Resources */ = {isa = PBXBuildFile; fileRef = 4747F7F7251EBF1100FBEF5F /* LaunchScreen.storyboard */; };
/* End PBXBuildFile section */

/* Begin PBXFileReference section */
		4707BF6D251EC0CA00D3B9CC /* game.swift */ = {isa = PBXFileReference; lastKnownFileType = sourcecode.swift; path = game.swift; sourceTree = "<group>"; };
		4747F7E9251EBF1000FBEF5F /* Apple Pie.app */ = {isa = PBXFileReference; explicitFileType = wrapper.application; includeInIndex = 0; path = "Apple Pie.app"; sourceTree = BUILT_PRODUCTS_DIR; };
		4747F7EC251EBF1000FBEF5F /* AppDelegate.swift */ = {isa = PBXFileReference; lastKnownFileType = sourcecode.swift; path = AppDelegate.swift; sourceTree = "<group>"; };
		4747F7EE251EBF1000FBEF5F /* SceneDelegate.swift */ = {isa = PBXFileReference; lastKnownFileType = sourcecode.swift; path = SceneDelegate.swift; sourceTree = "<group>"; };
		4747F7F0251EBF1000FBEF5F /* ViewController.swift */ = {isa = PBXFileReference; lastKnownFileType = sourcecode.swift; path = ViewController.swift; sourceTree = "<group>"; };
		4747F7F3251EBF1000FBEF5F /* Base */ = {isa = PBXFileReference; lastKnownFileType = file.storyboard; name = Base; path = Base.lproj/Main.storyboard; sourceTree = "<group>"; };
		4747F7F5251EBF1100FBEF5F /* Assets.xcassets */ = {isa = PBXFileReference; lastKnownFileType = folder.assetcatalog; path = Assets.xcassets; sourceTree = "<group>"; };
		4747F7F8251EBF1100FBEF5F /* Base */ = {isa = PBXFileReference; lastKnownFileType = file.storyboard; name = Base; path = Base.lproj/LaunchScreen.storyboard; sourceTree = "<group>"; };
		4747F7FA251EBF1100FBEF5F /* Info.plist */ = {isa = PBXFileReference; lastKnownFileType = text.plist.xml; path = Info.plist; sourceTree = "<group>"; };
/* End PBXFileReference section */

/* Begin PBXFrameworksBuildPhase section */
		4747F7E6251EBF1000FBEF5F /* Frameworks */ = {
			isa = PBXFrameworksBuildPhase;
			buildActionMask = 2147483647;
			files = (
			);
			runOnlyForDeploymentPostprocessing = 0;
		};
/* End PBXFrameworksBuildPhase section */

/* Begin PBXGroup section */
		4747F7E0251EBF1000FBEF5F = {
			isa = PBXGroup;
			children = (
				4747F7EB251EBF1000FBEF5F /* Apple Pie */,
				4747F7EA251EBF1000FBEF5F /* Products */,
			);
			sourceTree = "<group>";
		};
		4747F7EA251EBF1000FBEF5F /* Products */ = {
			isa = PBXGroup;
			children = (
				4747F7E9251EBF1000FBEF5F /* Apple Pie.app */,
			);
			name = Products;
			sourceTree = "<group>";
		};
		4747F7EB251EBF1000FBEF5F /* Apple Pie */ = {
			isa = PBXGroup;
			children = (
				4747F7EC251EBF1000FBEF5F /* AppDelegate.swift */,
				4747F7EE251EBF1000FBEF5F /* SceneDelegate.swift */,
				4747F7F0251EBF1000FBEF5F /* ViewController.swift */,
				4707BF6D251EC0CA00D3B9CC /* game.swift */,
				4747F7F2251EBF1000FBEF5F /* Main.storyboard */,
				4747F7F5251EBF1100FBEF5F /* Assets.xcassets */,
				4747F7F7251EBF1100FBEF5F /* LaunchScreen.storyboard */,
				4747F7FA251EBF1100FBEF5F /* Info.plist */,
			);
			path = "Apple Pie";
			sourceTree = "<group>";
		};
/* End PBXGroup section */

/* Begin PBXNativeTarget section */
		4747F7E8251EBF1000FBEF5F /* Apple Pie */ = {
			isa = PBXNativeTarget;
			buildConfigurationList = 4747F7FD251EBF1100FBEF5F /* Build configuration list for PBXNativeTarget "Apple Pie" */;
			buildPhases = (
				4747F7E5251EBF1000FBEF5F /* Sources */,
				4747F7E6251EBF1000FBEF5F /* Frameworks */,
				4747F7E7251EBF1000FBEF5F /* Resources */,
			);
			buildRules = (
			);
			dependencies = (
			);
			name = "Apple Pie";
			productName = "Apple Pie";
			productReference = 4747F7E9251EBF1000FBEF5F /* Apple Pie.app */;
			productType = "com.apple.product-type.application";
		};
/* End PBXNativeTarget section */

/* Begin PBXProject section */
		4747F7E1251EBF1000FBEF5F /* Project object */ = {
			isa = PBXProject;
			attributes = {
				LastSwiftUpdateCheck = 1200;
				LastUpgradeCheck = 1200;
				TargetAttributes = {
					4747F7E8251EBF1000FBEF5F = {
						CreatedOnToolsVersion = 12.0;
					};
				};
			};
			buildConfigurationList = 4747F7E4251EBF1000FBEF5F /* Build configuration list for PBXProject "Apple Pie" */;
			compatibilityVersion = "Xcode 9.3";
			developmentRegion = en;
			hasScannedForEncodings = 0;
			knownRegions = (
				en,
				Base,
			);
			mainGroup = 4747F7E0251EBF1000FBEF5F;
			productRefGroup = 4747F7EA251EBF1000FBEF5F /* Products */;
			projectDirPath = "";
			projectRoot = "";
			targets = (
				4747F7E8251EBF1000FBEF5F /* Apple Pie */,
			);
		};
/* End PBXProject section */

/* Begin PBXResourcesBuildPhase section */
		4747F7E7251EBF1000FBEF5F /* Resources */ = {
			isa = PBXResourcesBuildPhase;
			buildActionMask = 2147483647;
			files = (
				4747F7F9251EBF1100FBEF5F /* LaunchScreen.storyboard in Resources */,
				4747F7F6251EBF1100FBEF5F /* Assets.xcassets in Resources */,
				4747F7F4251EBF1000FBEF5F /* Main.storyboard in Resources */,
			);
			runOnlyForDeploymentPostprocessing = 0;
		};
/* End PBXResourcesBuildPhase section */

/* Begin PBXSourcesBuildPhase section */
		4747F7E5251EBF1000FBEF5F /* Sources */ = {
			isa = PBXSourcesBuildPhase;
			buildActionMask = 2147483647;
			files = (
				4747F7F1251EBF1000FBEF5F /* ViewController.swift in Sources */,
				4747F7ED251EBF1000FBEF5F /* AppDelegate.swift in Sources */,
				4747F7EF251EBF1000FBEF5F /* SceneDelegate.swift in Sources */,
				4707BF6E251EC0CA00D3B9CC /* game.swift in Sources */,
			);
			runOnlyForDeploymentPostprocessing = 0;
		};
/* End PBXSourcesBuildPhase section */

/* Begin PBXVariantGroup section */
		4747F7F2251EBF1000FBEF5F /* Main.storyboard */ = {
			isa = PBXVariantGroup;
			children = (
				4747F7F3251EBF1000FBEF5F /* Base */,
			);
			name = Main.storyboard;
			sourceTree = "<group>";
		};
		4747F7F7251EBF1100FBEF5F /* LaunchScreen.storyboard */ = {
			isa = PBXVariantGroup;
			children = (
				4747F7F8251EBF1100FBEF5F /* Base */,
			);
			name = LaunchScreen.storyboard;
			sourceTree = "<group>";
		};
/* End PBXVariantGroup section */

/* Begin XCBuildConfiguration section */
		4747F7FB251EBF1100FBEF5F /* Debug */ = {
			isa = XCBuildConfiguration;
			buildSettings = {
				ALWAYS_SEARCH_USER_PATHS = NO;
				CLANG_ANALYZER_NONNULL = YES;
				CLANG_ANALYZER_NUMBER_OBJECT_CONVERSION = YES_AGGRESSIVE;
				CLANG_CXX_LANGUAGE_STANDARD = "gnu++14";
				CLANG_CXX_LIBRARY = "libc++";
				CLANG_ENABLE_MODULES = YES;
				CLANG_ENABLE_OBJC_ARC = YES;
				CLANG_ENABLE_OBJC_WEAK = YES;
				CLANG_WARN_BLOCK_CAPTURE_AUTORELEASING = YES;
				CLANG_WARN_BOOL_CONVERSION = YES;
				CLANG_WARN_COMMA = YES;
				CLANG_WARN_CONSTANT_CONVERSION = YES;
				CLANG_WARN_DEPRECATED_OBJC_IMPLEMENTATIONS = YES;
				CLANG_WARN_DIRECT_OBJC_ISA_USAGE = YES_ERROR;
				CLANG_WARN_DOCUMENTATION_COMMENTS = YES;
				CLANG_WARN_EMPTY_BODY = YES;
				CLANG_WARN_ENUM_CONVERSION = YES;
				CLANG_WARN_INFINITE_RECURSION = YES;
				CLANG_WARN_INT_CONVERSION = YES;
				CLANG_WARN_NON_LITERAL_NULL_CONVERSION = YES;
				CLANG_WARN_OBJC_IMPLICIT_RETAIN_SELF = YES;
				CLANG_WARN_OBJC_LITERAL_CONVERSION = YES;
				CLANG_WARN_OBJC_ROOT_CLASS = YES_ERROR;
				CLANG_WARN_QUOTED_INCLUDE_IN_FRAMEWORK_HEADER = YES;
				CLANG_WARN_RANGE_LOOP_ANALYSIS = YES;
				CLANG_WARN_STRICT_PROTOTYPES = YES;
				CLANG_WARN_SUSPICIOUS_MOVE = YES;
				CLANG_WARN_UNGUARDED_AVAILABILITY = YES_AGGRESSIVE;
				CLANG_WARN_UNREACHABLE_CODE = YES;
				CLANG_WARN__DUPLICATE_METHOD_MATCH = YES;
				COPY_PHASE_STRIP = NO;
				DEBUG_INFORMATION_FORMAT = dwarf;
				ENABLE_STRICT_OBJC_MSGSEND = YES;
				ENABLE_TESTABILITY = YES;
				GCC_C_LANGUAGE_STANDARD = gnu11;
				GCC_DYNAMIC_NO_PIC = NO;
				GCC_NO_COMMON_BLOCKS = YES;
				GCC_OPTIMIZATION_LEVEL = 0;
				GCC_PREPROCESSOR_DEFINITIONS = (
					"DEBUG=1",
					"$(inherited)",
				);
				GCC_WARN_64_TO_32_BIT_CONVERSION = YES;
				GCC_WARN_ABOUT_RETURN_TYPE = YES_ERROR;
				GCC_WARN_UNDECLARED_SELECTOR = YES;
				GCC_WARN_UNINITIALIZED_AUTOS = YES_AGGRESSIVE;
				GCC_WARN_UNUSED_FUNCTION = YES;
				GCC_WARN_UNUSED_VARIABLE = YES;
				IPHONEOS_DEPLOYMENT_TARGET = 14.0;
				MTL_ENABLE_DEBUG_INFO = INCLUDE_SOURCE;
				MTL_FAST_MATH = YES;
				ONLY_ACTIVE_ARCH = YES;
				SDKROOT = iphoneos;
				SWIFT_ACTIVE_COMPILATION_CONDITIONS = DEBUG;
				SWIFT_OPTIMIZATION_LEVEL = "-Onone";
			};
			name = Debug;
		};
		4747F7FC251EBF1100FBEF5F /* Release */ = {
			isa = XCBuildConfiguration;
			buildSettings = {
				ALWAYS_SEARCH_USER_PATHS = NO;
				CLANG_ANALYZER_NONNULL = YES;
				CLANG_ANALYZER_NUMBER_OBJECT_CONVERSION = YES_AGGRESSIVE;
				CLANG_CXX_LANGUAGE_STANDARD = "gnu++14";
				CLANG_CXX_LIBRARY = "libc++";
				CLANG_ENABLE_MODULES = YES;
				CLANG_ENABLE_OBJC_ARC = YES;
				CLANG_ENABLE_OBJC_WEAK = YES;
				CLANG_WARN_BLOCK_CAPTURE_AUTORELEASING = YES;
				CLANG_WARN_BOOL_CONVERSION = YES;
				CLANG_WARN_COMMA = YES;
				CLANG_WARN_CONSTANT_CONVERSION = YES;
				CLANG_WARN_DEPRECATED_OBJC_IMPLEMENTATIONS = YES;
				CLANG_WARN_DIRECT_OBJC_ISA_USAGE = YES_ERROR;
				CLANG_WARN_DOCUMENTATION_COMMENTS = YES;
				CLANG_WARN_EMPTY_BODY = YES;
				CLANG_WARN_ENUM_CONVERSION = YES;
				CLANG_WARN_INFINITE_RECURSION = YES;
				CLANG_WARN_INT_CONVERSION = YES;
				CLANG_WARN_NON_LITERAL_NULL_CONVERSION = YES;
				CLANG_WARN_OBJC_IMPLICIT_RETAIN_SELF = YES;
				CLANG_WARN_OBJC_LITERAL_CONVERSION = YES;
				CLANG_WARN_OBJC_ROOT_CLASS = YES_ERROR;
				CLANG_WARN_QUOTED_INCLUDE_IN_FRAMEWORK_HEADER = YES;
				CLANG_WARN_RANGE_LOOP_ANALYSIS = YES;
				CLANG_WARN_STRICT_PROTOTYPES = YES;
				CLANG_WARN_SUSPICIOUS_MOVE = YES;
				CLANG_WARN_UNGUARDED_AVAILABILITY = YES_AGGRESSIVE;
				CLANG_WARN_UNREACHABLE_CODE = YES;
				CLANG_WARN__DUPLICATE_METHOD_MATCH = YES;
				COPY_PHASE_STRIP = NO;
				DEBUG_INFORMATION_FORMAT = "dwarf-with-dsym";
				ENABLE_NS_ASSERTIONS = NO;
				ENABLE_STRICT_OBJC_MSGSEND = YES;
				GCC_C_LANGUAGE_STANDARD = gnu11;
				GCC_NO_COMMON_BLOCKS = YES;
				GCC_WARN_64_TO_32_BIT_CONVERSION = YES;
				GCC_WARN_ABOUT_RETURN_TYPE = YES_ERROR;
				GCC_WARN_UNDECLARED_SELECTOR = YES;
				GCC_WARN_UNINITIALIZED_AUTOS = YES_AGGRESSIVE;
				GCC_WARN_UNUSED_FUNCTION = YES;
				GCC_WARN_UNUSED_VARIABLE = YES;
				IPHONEOS_DEPLOYMENT_TARGET = 14.0;
				MTL_ENABLE_DEBUG_INFO = NO;
				MTL_FAST_MATH = YES;
				SDKROOT = iphoneos;
				SWIFT_COMPILATION_MODE = wholemodule;
				SWIFT_OPTIMIZATION_LEVEL = "-O";
				VALIDATE_PRODUCT = YES;
			};
			name = Release;
		};
		4747F7FE251EBF1100FBEF5F /* Debug */ = {
			isa = XCBuildConfiguration;
			buildSettings = {
				ASSETCATALOG_COMPILER_APPICON_NAME = AppIcon;
				ASSETCATALOG_COMPILER_GLOBAL_ACCENT_COLOR_NAME = AccentColor;
				CODE_SIGN_STYLE = Automatic;
				DEVELOPMENT_TEAM = 6VCMWVUP6B;
				INFOPLIST_FILE = "Apple Pie/Info.plist";
				LD_RUNPATH_SEARCH_PATHS = (
					"$(inherited)",
					"@executable_path/Frameworks",
				);
				PRODUCT_BUNDLE_IDENTIFIER = "CPSC223W.Apple-Pie";
				PRODUCT_NAME = "$(TARGET_NAME)";
				SWIFT_VERSION = 5.0;
				TARGETED_DEVICE_FAMILY = 2;
			};
			name = Debug;
		};
		4747F7FF251EBF1100FBEF5F /* Release */ = {
			isa = XCBuildConfiguration;
			buildSettings = {
				ASSETCATALOG_COMPILER_APPICON_NAME = AppIcon;
				ASSETCATALOG_COMPILER_GLOBAL_ACCENT_COLOR_NAME = AccentColor;
				CODE_SIGN_STYLE = Automatic;
				DEVELOPMENT_TEAM = 6VCMWVUP6B;
				INFOPLIST_FILE = "Apple Pie/Info.plist";
				LD_RUNPATH_SEARCH_PATHS = (
					"$(inherited)",
					"@executable_path/Frameworks",
				);
				PRODUCT_BUNDLE_IDENTIFIER = "CPSC223W.Apple-Pie";
				PRODUCT_NAME = "$(TARGET_NAME)";
				SWIFT_VERSION = 5.0;
				TARGETED_DEVICE_FAMILY = 2;
			};
			name = Release;
		};
/* End XCBuildConfiguration section */

/* Begin XCConfigurationList section */
		4747F7E4251EBF1000FBEF5F /* Build configuration list for PBXProject "Apple Pie" */ = {
			isa = XCConfigurationList;
			buildConfigurations = (
				4747F7FB251EBF1100FBEF5F /* Debug */,
				4747F7FC251EBF1100FBEF5F /* Release */,
			);
			defaultConfigurationIsVisible = 0;
			defaultConfigurationName = Release;
		};
		4747F7FD251EBF1100FBEF5F /* Build configuration list for PBXNativeTarget "Apple Pie" */ = {
			isa = XCConfigurationList;
			buildConfigurations = (
				4747F7FE251EBF1100FBEF5F /* Debug */,
				4747F7FF251EBF1100FBEF5F /* Release */,
			);
			defaultConfigurationIsVisible = 0;
			defaultConfigurationName = Release;
		};
/* End XCConfigurationList section */
	};
	rootObject = 4747F7E1251EBF1000FBEF5F /* Project object */;
}
