// !$*UTF8*$!
{
	archiveVersion = 1;
	classes = {
	};
	objectVersion = 50;
	objects = {

/* Begin PBXBuildFile section */
		EC72571A25293EFA00FD3764 /* AppDelegate.swift in Sources */ = {isa = PBXBuildFile; fileRef = EC72571925293EFA00FD3764 /* AppDelegate.swift */; };
		EC72571C25293EFA00FD3764 /* SceneDelegate.swift in Sources */ = {isa = PBXBuildFile; fileRef = EC72571B25293EFA00FD3764 /* SceneDelegate.swift */; };
		EC72571E25293EFA00FD3764 /* ViewController.swift in Sources */ = {isa = PBXBuildFile; fileRef = EC72571D25293EFA00FD3764 /* ViewController.swift */; };
		EC72572125293EFA00FD3764 /* Main.storyboard in Resources */ = {isa = PBXBuildFile; fileRef = EC72571F25293EFA00FD3764 /* Main.storyboard */; };
		EC72572325293EFD00FD3764 /* Assets.xcassets in Resources */ = {isa = PBXBuildFile; fileRef = EC72572225293EFD00FD3764 /* Assets.xcassets */; };
		EC72572625293EFD00FD3764 /* LaunchScreen.storyboard in Resources */ = {isa = PBXBuildFile; fileRef = EC72572425293EFD00FD3764 /* LaunchScreen.storyboard */; };
		EC72573125293EFD00FD3764 /* PhoneBookTests.swift in Sources */ = {isa = PBXBuildFile; fileRef = EC72573025293EFD00FD3764 /* PhoneBookTests.swift */; };
		EC72573C25293F0E00FD3764 /* Contact.swift in Sources */ = {isa = PBXBuildFile; fileRef = EC72573B25293F0E00FD3764 /* Contact.swift */; };
		EC72573E252956AE00FD3764 /* ContactViewController.swift in Sources */ = {isa = PBXBuildFile; fileRef = EC72573D252956AE00FD3764 /* ContactViewController.swift */; };
		EC72574025295FB400FD3764 /* .gitignore in Resources */ = {isa = PBXBuildFile; fileRef = EC72573F25295FB400FD3764 /* .gitignore */; };
/* End PBXBuildFile section */

/* Begin PBXContainerItemProxy section */
		EC72572D25293EFD00FD3764 /* PBXContainerItemProxy */ = {
			isa = PBXContainerItemProxy;
			containerPortal = EC72570E25293EFA00FD3764 /* Project object */;
			proxyType = 1;
			remoteGlobalIDString = EC72571525293EFA00FD3764;
			remoteInfo = PhoneBook;
		};
/* End PBXContainerItemProxy section */

/* Begin PBXFileReference section */
		EC1E856F252966F40008E0A3 /* README.md */ = {isa = PBXFileReference; lastKnownFileType = net.daringfireball.markdown; path = README.md; sourceTree = "<group>"; };
		EC72571625293EFA00FD3764 /* PhoneBook.app */ = {isa = PBXFileReference; explicitFileType = wrapper.application; includeInIndex = 0; path = PhoneBook.app; sourceTree = BUILT_PRODUCTS_DIR; };
		EC72571925293EFA00FD3764 /* AppDelegate.swift */ = {isa = PBXFileReference; lastKnownFileType = sourcecode.swift; path = AppDelegate.swift; sourceTree = "<group>"; };
		EC72571B25293EFA00FD3764 /* SceneDelegate.swift */ = {isa = PBXFileReference; lastKnownFileType = sourcecode.swift; path = SceneDelegate.swift; sourceTree = "<group>"; };
		EC72571D25293EFA00FD3764 /* ViewController.swift */ = {isa = PBXFileReference; lastKnownFileType = sourcecode.swift; path = ViewController.swift; sourceTree = "<group>"; };
		EC72572025293EFA00FD3764 /* Base */ = {isa = PBXFileReference; lastKnownFileType = file.storyboard; name = Base; path = Base.lproj/Main.storyboard; sourceTree = "<group>"; };
		EC72572225293EFD00FD3764 /* Assets.xcassets */ = {isa = PBXFileReference; lastKnownFileType = folder.assetcatalog; path = Assets.xcassets; sourceTree = "<group>"; };
		EC72572525293EFD00FD3764 /* Base */ = {isa = PBXFileReference; lastKnownFileType = file.storyboard; name = Base; path = Base.lproj/LaunchScreen.storyboard; sourceTree = "<group>"; };
		EC72572725293EFD00FD3764 /* Info.plist */ = {isa = PBXFileReference; lastKnownFileType = text.plist.xml; path = Info.plist; sourceTree = "<group>"; };
		EC72572C25293EFD00FD3764 /* PhoneBookTests.xctest */ = {isa = PBXFileReference; explicitFileType = wrapper.cfbundle; includeInIndex = 0; path = PhoneBookTests.xctest; sourceTree = BUILT_PRODUCTS_DIR; };
		EC72573025293EFD00FD3764 /* PhoneBookTests.swift */ = {isa = PBXFileReference; lastKnownFileType = sourcecode.swift; path = PhoneBookTests.swift; sourceTree = "<group>"; };
		EC72573225293EFD00FD3764 /* Info.plist */ = {isa = PBXFileReference; lastKnownFileType = text.plist.xml; path = Info.plist; sourceTree = "<group>"; };
		EC72573B25293F0E00FD3764 /* Contact.swift */ = {isa = PBXFileReference; lastKnownFileType = sourcecode.swift; path = Contact.swift; sourceTree = "<group>"; };
		EC72573D252956AE00FD3764 /* ContactViewController.swift */ = {isa = PBXFileReference; lastKnownFileType = sourcecode.swift; path = ContactViewController.swift; sourceTree = "<group>"; };
		EC72573F25295FB400FD3764 /* .gitignore */ = {isa = PBXFileReference; lastKnownFileType = text; path = .gitignore; sourceTree = "<group>"; };
/* End PBXFileReference section */

/* Begin PBXFrameworksBuildPhase section */
		EC72571325293EFA00FD3764 /* Frameworks */ = {
			isa = PBXFrameworksBuildPhase;
			buildActionMask = 2147483647;
			files = (
			);
			runOnlyForDeploymentPostprocessing = 0;
		};
		EC72572925293EFD00FD3764 /* Frameworks */ = {
			isa = PBXFrameworksBuildPhase;
			buildActionMask = 2147483647;
			files = (
			);
			runOnlyForDeploymentPostprocessing = 0;
		};
/* End PBXFrameworksBuildPhase section */

/* Begin PBXGroup section */
		EC72570D25293EFA00FD3764 = {
			isa = PBXGroup;
			children = (
				EC1E856F252966F40008E0A3 /* README.md */,
				EC72573F25295FB400FD3764 /* .gitignore */,
				EC72571825293EFA00FD3764 /* PhoneBook */,
				EC72572F25293EFD00FD3764 /* PhoneBookTests */,
				EC72571725293EFA00FD3764 /* Products */,
			);
			sourceTree = "<group>";
		};
		EC72571725293EFA00FD3764 /* Products */ = {
			isa = PBXGroup;
			children = (
				EC72571625293EFA00FD3764 /* PhoneBook.app */,
				EC72572C25293EFD00FD3764 /* PhoneBookTests.xctest */,
			);
			name = Products;
			sourceTree = "<group>";
		};
		EC72571825293EFA00FD3764 /* PhoneBook */ = {
			isa = PBXGroup;
			children = (
				EC72571925293EFA00FD3764 /* AppDelegate.swift */,
				EC72571B25293EFA00FD3764 /* SceneDelegate.swift */,
				EC72571D25293EFA00FD3764 /* ViewController.swift */,
				EC72571F25293EFA00FD3764 /* Main.storyboard */,
				EC72572225293EFD00FD3764 /* Assets.xcassets */,
				EC72572425293EFD00FD3764 /* LaunchScreen.storyboard */,
				EC72572725293EFD00FD3764 /* Info.plist */,
				EC72573B25293F0E00FD3764 /* Contact.swift */,
				EC72573D252956AE00FD3764 /* ContactViewController.swift */,
			);
			path = PhoneBook;
			sourceTree = "<group>";
		};
		EC72572F25293EFD00FD3764 /* PhoneBookTests */ = {
			isa = PBXGroup;
			children = (
				EC72573025293EFD00FD3764 /* PhoneBookTests.swift */,
				EC72573225293EFD00FD3764 /* Info.plist */,
			);
			path = PhoneBookTests;
			sourceTree = "<group>";
		};
/* End PBXGroup section */

/* Begin PBXNativeTarget section */
		EC72571525293EFA00FD3764 /* PhoneBook */ = {
			isa = PBXNativeTarget;
			buildConfigurationList = EC72573525293EFD00FD3764 /* Build configuration list for PBXNativeTarget "PhoneBook" */;
			buildPhases = (
				EC72571225293EFA00FD3764 /* Sources */,
				EC72571325293EFA00FD3764 /* Frameworks */,
				EC72571425293EFA00FD3764 /* Resources */,
			);
			buildRules = (
			);
			dependencies = (
			);
			name = PhoneBook;
			productName = PhoneBook;
			productReference = EC72571625293EFA00FD3764 /* PhoneBook.app */;
			productType = "com.apple.product-type.application";
		};
		EC72572B25293EFD00FD3764 /* PhoneBookTests */ = {
			isa = PBXNativeTarget;
			buildConfigurationList = EC72573825293EFD00FD3764 /* Build configuration list for PBXNativeTarget "PhoneBookTests" */;
			buildPhases = (
				EC72572825293EFD00FD3764 /* Sources */,
				EC72572925293EFD00FD3764 /* Frameworks */,
				EC72572A25293EFD00FD3764 /* Resources */,
			);
			buildRules = (
			);
			dependencies = (
				EC72572E25293EFD00FD3764 /* PBXTargetDependency */,
			);
			name = PhoneBookTests;
			productName = PhoneBookTests;
			productReference = EC72572C25293EFD00FD3764 /* PhoneBookTests.xctest */;
			productType = "com.apple.product-type.bundle.unit-test";
		};
/* End PBXNativeTarget section */

/* Begin PBXProject section */
		EC72570E25293EFA00FD3764 /* Project object */ = {
			isa = PBXProject;
			attributes = {
				LastSwiftUpdateCheck = 1170;
				LastUpgradeCheck = 1170;
				ORGANIZATIONNAME = CSUF;
				TargetAttributes = {
					EC72571525293EFA00FD3764 = {
						CreatedOnToolsVersion = 11.7;
					};
					EC72572B25293EFD00FD3764 = {
						CreatedOnToolsVersion = 11.7;
						TestTargetID = EC72571525293EFA00FD3764;
					};
				};
			};
			buildConfigurationList = EC72571125293EFA00FD3764 /* Build configuration list for PBXProject "PhoneBook" */;
			compatibilityVersion = "Xcode 9.3";
			developmentRegion = en;
			hasScannedForEncodings = 0;
			knownRegions = (
				en,
				Base,
			);
			mainGroup = EC72570D25293EFA00FD3764;
			productRefGroup = EC72571725293EFA00FD3764 /* Products */;
			projectDirPath = "";
			projectRoot = "";
			targets = (
				EC72571525293EFA00FD3764 /* PhoneBook */,
				EC72572B25293EFD00FD3764 /* PhoneBookTests */,
			);
		};
/* End PBXProject section */

/* Begin PBXResourcesBuildPhase section */
		EC72571425293EFA00FD3764 /* Resources */ = {
			isa = PBXResourcesBuildPhase;
			buildActionMask = 2147483647;
			files = (
				EC72574025295FB400FD3764 /* .gitignore in Resources */,
				EC72572625293EFD00FD3764 /* LaunchScreen.storyboard in Resources */,
				EC72572325293EFD00FD3764 /* Assets.xcassets in Resources */,
				EC72572125293EFA00FD3764 /* Main.storyboard in Resources */,
			);
			runOnlyForDeploymentPostprocessing = 0;
		};
		EC72572A25293EFD00FD3764 /* Resources */ = {
			isa = PBXResourcesBuildPhase;
			buildActionMask = 2147483647;
			files = (
			);
			runOnlyForDeploymentPostprocessing = 0;
		};
/* End PBXResourcesBuildPhase section */

/* Begin PBXSourcesBuildPhase section */
		EC72571225293EFA00FD3764 /* Sources */ = {
			isa = PBXSourcesBuildPhase;
			buildActionMask = 2147483647;
			files = (
				EC72573C25293F0E00FD3764 /* Contact.swift in Sources */,
				EC72571E25293EFA00FD3764 /* ViewController.swift in Sources */,
				EC72571A25293EFA00FD3764 /* AppDelegate.swift in Sources */,
				EC72571C25293EFA00FD3764 /* SceneDelegate.swift in Sources */,
				EC72573E252956AE00FD3764 /* ContactViewController.swift in Sources */,
			);
			runOnlyForDeploymentPostprocessing = 0;
		};
		EC72572825293EFD00FD3764 /* Sources */ = {
			isa = PBXSourcesBuildPhase;
			buildActionMask = 2147483647;
			files = (
				EC72573125293EFD00FD3764 /* PhoneBookTests.swift in Sources */,
			);
			runOnlyForDeploymentPostprocessing = 0;
		};
/* End PBXSourcesBuildPhase section */

/* Begin PBXTargetDependency section */
		EC72572E25293EFD00FD3764 /* PBXTargetDependency */ = {
			isa = PBXTargetDependency;
			target = EC72571525293EFA00FD3764 /* PhoneBook */;
			targetProxy = EC72572D25293EFD00FD3764 /* PBXContainerItemProxy */;
		};
/* End PBXTargetDependency section */

/* Begin PBXVariantGroup section */
		EC72571F25293EFA00FD3764 /* Main.storyboard */ = {
			isa = PBXVariantGroup;
			children = (
				EC72572025293EFA00FD3764 /* Base */,
			);
			name = Main.storyboard;
			sourceTree = "<group>";
		};
		EC72572425293EFD00FD3764 /* LaunchScreen.storyboard */ = {
			isa = PBXVariantGroup;
			children = (
				EC72572525293EFD00FD3764 /* Base */,
			);
			name = LaunchScreen.storyboard;
			sourceTree = "<group>";
		};
/* End PBXVariantGroup section */

/* Begin XCBuildConfiguration section */
		EC72573325293EFD00FD3764 /* Debug */ = {
			isa = XCBuildConfiguration;
			buildSettings = {
				ALWAYS_SEARCH_USER_PATHS = NO;
				CLANG_ANALYZER_NONNULL = YES;
				CLANG_ANALYZER_NUMBER_OBJECT_CONVERSION = YES_AGGRESSIVE;
				CLANG_CXX_LANGUAGE_STANDARD = "gnu++14";
				CLANG_CXX_LIBRARY = "libc++";
				CLANG_ENABLE_MODULES = YES;
				CLANG_ENABLE_OBJC_ARC = YES;
				CLANG_ENABLE_OBJC_WEAK = YES;
				CLANG_WARN_BLOCK_CAPTURE_AUTORELEASING = YES;
				CLANG_WARN_BOOL_CONVERSION = YES;
				CLANG_WARN_COMMA = YES;
				CLANG_WARN_CONSTANT_CONVERSION = YES;
				CLANG_WARN_DEPRECATED_OBJC_IMPLEMENTATIONS = YES;
				CLANG_WARN_DIRECT_OBJC_ISA_USAGE = YES_ERROR;
				CLANG_WARN_DOCUMENTATION_COMMENTS = YES;
				CLANG_WARN_EMPTY_BODY = YES;
				CLANG_WARN_ENUM_CONVERSION = YES;
				CLANG_WARN_INFINITE_RECURSION = YES;
				CLANG_WARN_INT_CONVERSION = YES;
				CLANG_WARN_NON_LITERAL_NULL_CONVERSION = YES;
				CLANG_WARN_OBJC_IMPLICIT_RETAIN_SELF = YES;
				CLANG_WARN_OBJC_LITERAL_CONVERSION = YES;
				CLANG_WARN_OBJC_ROOT_CLASS = YES_ERROR;
				CLANG_WARN_RANGE_LOOP_ANALYSIS = YES;
				CLANG_WARN_STRICT_PROTOTYPES = YES;
				CLANG_WARN_SUSPICIOUS_MOVE = YES;
				CLANG_WARN_UNGUARDED_AVAILABILITY = YES_AGGRESSIVE;
				CLANG_WARN_UNREACHABLE_CODE = YES;
				CLANG_WARN__DUPLICATE_METHOD_MATCH = YES;
				COPY_PHASE_STRIP = NO;
				DEBUG_INFORMATION_FORMAT = dwarf;
				ENABLE_STRICT_OBJC_MSGSEND = YES;
				ENABLE_TESTABILITY = YES;
				GCC_C_LANGUAGE_STANDARD = gnu11;
				GCC_DYNAMIC_NO_PIC = NO;
				GCC_NO_COMMON_BLOCKS = YES;
				GCC_OPTIMIZATION_LEVEL = 0;
				GCC_PREPROCESSOR_DEFINITIONS = (
					"DEBUG=1",
					"$(inherited)",
				);
				GCC_WARN_64_TO_32_BIT_CONVERSION = YES;
				GCC_WARN_ABOUT_RETURN_TYPE = YES_ERROR;
				GCC_WARN_UNDECLARED_SELECTOR = YES;
				GCC_WARN_UNINITIALIZED_AUTOS = YES_AGGRESSIVE;
				GCC_WARN_UNUSED_FUNCTION = YES;
				GCC_WARN_UNUSED_VARIABLE = YES;
				IPHONEOS_DEPLOYMENT_TARGET = 13.7;
				MTL_ENABLE_DEBUG_INFO = INCLUDE_SOURCE;
				MTL_FAST_MATH = YES;
				ONLY_ACTIVE_ARCH = YES;
				SDKROOT = iphoneos;
				SWIFT_ACTIVE_COMPILATION_CONDITIONS = DEBUG;
				SWIFT_OPTIMIZATION_LEVEL = "-Onone";
			};
			name = Debug;
		};
		EC72573425293EFD00FD3764 /* Release */ = {
			isa = XCBuildConfiguration;
			buildSettings = {
				ALWAYS_SEARCH_USER_PATHS = NO;
				CLANG_ANALYZER_NONNULL = YES;
				CLANG_ANALYZER_NUMBER_OBJECT_CONVERSION = YES_AGGRESSIVE;
				CLANG_CXX_LANGUAGE_STANDARD = "gnu++14";
				CLANG_CXX_LIBRARY = "libc++";
				CLANG_ENABLE_MODULES = YES;
				CLANG_ENABLE_OBJC_ARC = YES;
				CLANG_ENABLE_OBJC_WEAK = YES;
				CLANG_WARN_BLOCK_CAPTURE_AUTORELEASING = YES;
				CLANG_WARN_BOOL_CONVERSION = YES;
				CLANG_WARN_COMMA = YES;
				CLANG_WARN_CONSTANT_CONVERSION = YES;
				CLANG_WARN_DEPRECATED_OBJC_IMPLEMENTATIONS = YES;
				CLANG_WARN_DIRECT_OBJC_ISA_USAGE = YES_ERROR;
				CLANG_WARN_DOCUMENTATION_COMMENTS = YES;
				CLANG_WARN_EMPTY_BODY = YES;
				CLANG_WARN_ENUM_CONVERSION = YES;
				CLANG_WARN_INFINITE_RECURSION = YES;
				CLANG_WARN_INT_CONVERSION = YES;
				CLANG_WARN_NON_LITERAL_NULL_CONVERSION = YES;
				CLANG_WARN_OBJC_IMPLICIT_RETAIN_SELF = YES;
				CLANG_WARN_OBJC_LITERAL_CONVERSION = YES;
				CLANG_WARN_OBJC_ROOT_CLASS = YES_ERROR;
				CLANG_WARN_RANGE_LOOP_ANALYSIS = YES;
				CLANG_WARN_STRICT_PROTOTYPES = YES;
				CLANG_WARN_SUSPICIOUS_MOVE = YES;
				CLANG_WARN_UNGUARDED_AVAILABILITY = YES_AGGRESSIVE;
				CLANG_WARN_UNREACHABLE_CODE = YES;
				CLANG_WARN__DUPLICATE_METHOD_MATCH = YES;
				COPY_PHASE_STRIP = NO;
				DEBUG_INFORMATION_FORMAT = "dwarf-with-dsym";
				ENABLE_NS_ASSERTIONS = NO;
				ENABLE_STRICT_OBJC_MSGSEND = YES;
				GCC_C_LANGUAGE_STANDARD = gnu11;
				GCC_NO_COMMON_BLOCKS = YES;
				GCC_WARN_64_TO_32_BIT_CONVERSION = YES;
				GCC_WARN_ABOUT_RETURN_TYPE = YES_ERROR;
				GCC_WARN_UNDECLARED_SELECTOR = YES;
				GCC_WARN_UNINITIALIZED_AUTOS = YES_AGGRESSIVE;
				GCC_WARN_UNUSED_FUNCTION = YES;
				GCC_WARN_UNUSED_VARIABLE = YES;
				IPHONEOS_DEPLOYMENT_TARGET = 13.7;
				MTL_ENABLE_DEBUG_INFO = NO;
				MTL_FAST_MATH = YES;
				SDKROOT = iphoneos;
				SWIFT_COMPILATION_MODE = wholemodule;
				SWIFT_OPTIMIZATION_LEVEL = "-O";
				VALIDATE_PRODUCT = YES;
			};
			name = Release;
		};
		EC72573625293EFD00FD3764 /* Debug */ = {
			isa = XCBuildConfiguration;
			buildSettings = {
				ASSETCATALOG_COMPILER_APPICON_NAME = AppIcon;
				CODE_SIGN_STYLE = Automatic;
				INFOPLIST_FILE = PhoneBook/Info.plist;
				LD_RUNPATH_SEARCH_PATHS = (
					"$(inherited)",
					"@executable_path/Frameworks",
				);
				PRODUCT_BUNDLE_IDENTIFIER = fullerton.edu.PhoneBook;
				PRODUCT_NAME = "$(TARGET_NAME)";
				SWIFT_VERSION = 5.0;
				TARGETED_DEVICE_FAMILY = "1,2";
			};
			name = Debug;
		};
		EC72573725293EFD00FD3764 /* Release */ = {
			isa = XCBuildConfiguration;
			buildSettings = {
				ASSETCATALOG_COMPILER_APPICON_NAME = AppIcon;
				CODE_SIGN_STYLE = Automatic;
				INFOPLIST_FILE = PhoneBook/Info.plist;
				LD_RUNPATH_SEARCH_PATHS = (
					"$(inherited)",
					"@executable_path/Frameworks",
				);
				PRODUCT_BUNDLE_IDENTIFIER = fullerton.edu.PhoneBook;
				PRODUCT_NAME = "$(TARGET_NAME)";
				SWIFT_VERSION = 5.0;
				TARGETED_DEVICE_FAMILY = "1,2";
			};
			name = Release;
		};
		EC72573925293EFD00FD3764 /* Debug */ = {
			isa = XCBuildConfiguration;
			buildSettings = {
				ALWAYS_EMBED_SWIFT_STANDARD_LIBRARIES = YES;
				BUNDLE_LOADER = "$(TEST_HOST)";
				CODE_SIGN_STYLE = Automatic;
				INFOPLIST_FILE = PhoneBookTests/Info.plist;
				IPHONEOS_DEPLOYMENT_TARGET = 13.7;
				LD_RUNPATH_SEARCH_PATHS = (
					"$(inherited)",
					"@executable_path/Frameworks",
					"@loader_path/Frameworks",
				);
				PRODUCT_BUNDLE_IDENTIFIER = fullerton.edu.PhoneBookTests;
				PRODUCT_NAME = "$(TARGET_NAME)";
				SWIFT_VERSION = 5.0;
				TARGETED_DEVICE_FAMILY = "1,2";
				TEST_HOST = "$(BUILT_PRODUCTS_DIR)/PhoneBook.app/PhoneBook";
			};
			name = Debug;
		};
		EC72573A25293EFD00FD3764 /* Release */ = {
			isa = XCBuildConfiguration;
			buildSettings = {
				ALWAYS_EMBED_SWIFT_STANDARD_LIBRARIES = YES;
				BUNDLE_LOADER = "$(TEST_HOST)";
				CODE_SIGN_STYLE = Automatic;
				INFOPLIST_FILE = PhoneBookTests/Info.plist;
				IPHONEOS_DEPLOYMENT_TARGET = 13.7;
				LD_RUNPATH_SEARCH_PATHS = (
					"$(inherited)",
					"@executable_path/Frameworks",
					"@loader_path/Frameworks",
				);
				PRODUCT_BUNDLE_IDENTIFIER = fullerton.edu.PhoneBookTests;
				PRODUCT_NAME = "$(TARGET_NAME)";
				SWIFT_VERSION = 5.0;
				TARGETED_DEVICE_FAMILY = "1,2";
				TEST_HOST = "$(BUILT_PRODUCTS_DIR)/PhoneBook.app/PhoneBook";
			};
			name = Release;
		};
/* End XCBuildConfiguration section */

/* Begin XCConfigurationList section */
		EC72571125293EFA00FD3764 /* Build configuration list for PBXProject "PhoneBook" */ = {
			isa = XCConfigurationList;
			buildConfigurations = (
				EC72573325293EFD00FD3764 /* Debug */,
				EC72573425293EFD00FD3764 /* Release */,
			);
			defaultConfigurationIsVisible = 0;
			defaultConfigurationName = Release;
		};
		EC72573525293EFD00FD3764 /* Build configuration list for PBXNativeTarget "PhoneBook" */ = {
			isa = XCConfigurationList;
			buildConfigurations = (
				EC72573625293EFD00FD3764 /* Debug */,
				EC72573725293EFD00FD3764 /* Release */,
			);
			defaultConfigurationIsVisible = 0;
			defaultConfigurationName = Release;
		};
		EC72573825293EFD00FD3764 /* Build configuration list for PBXNativeTarget "PhoneBookTests" */ = {
			isa = XCConfigurationList;
			buildConfigurations = (
				EC72573925293EFD00FD3764 /* Debug */,
				EC72573A25293EFD00FD3764 /* Release */,
			);
			defaultConfigurationIsVisible = 0;
			defaultConfigurationName = Release;
		};
/* End XCConfigurationList section */
	};
	rootObject = EC72570E25293EFA00FD3764 /* Project object */;
}
